
Microsoft Visual Studio Solution File, Format Version 12.00
# Visual Studio 14
VisualStudioVersion = 14.0.25420.1
MinimumVisualStudioVersion = 10.0.40219.1
Project("{FAE04EC0-301F-11D3-BF4B-00C04F79EFBC}") = "FinalTask", "FinalTask\FinalTask.csproj", "{7CD5A157-A8E5-4520-A6F5-E1006B52ED1F}"
EndProject
Global
	GlobalSection(SolutionConfigurationPlatforms) = preSolution
		Debug|Any CPU = Debug|Any CPU
		Release|Any CPU = Release|Any CPU
	EndGlobalSection
	GlobalSection(ProjectConfigurationPlatforms) = postSolution
		{7CD5A157-A8E5-4520-A6F5-E1006B52ED1F}.Debug|Any CPU.ActiveCfg = Debug|Any CPU
		{7CD5A157-A8E5-4520-A6F5-E1006B52ED1F}.Debug|Any CPU.Build.0 = Debug|Any CPU
		{7CD5A157-A8E5-4520-A6F5-E1006B52ED1F}.Release|Any CPU.ActiveCfg = Release|Any CPU
		{7CD5A157-A8E5-4520-A6F5-E1006B52ED1F}.Release|Any CPU.Build.0 = Release|Any CPU
	EndGlobalSection
	GlobalSection(SolutionProperties) = preSolution
		HideSolutionNode = FALSE
	EndGlobalSection
EndGlobal
