
Microsoft Visual Studio Solution File, Format Version 12.00
# Visual Studio 14
VisualStudioVersion = 14.0.25420.1
MinimumVisualStudioVersion = 10.0.40219.1
Project("{FAE04EC0-301F-11D3-BF4B-00C04F79EFBC}") = "Exercise8_Lambda_LINQ", "Exercise8_Lambda_LINQ\Exercise8_Lambda_LINQ.csproj", "{C5D860B4-2620-4E90-94AF-DCE3DD7DC5E5}"
EndProject
Global
	GlobalSection(SolutionConfigurationPlatforms) = preSolution
		Debug|Any CPU = Debug|Any CPU
		Release|Any CPU = Release|Any CPU
	EndGlobalSection
	GlobalSection(ProjectConfigurationPlatforms) = postSolution
		{C5D860B4-2620-4E90-94AF-DCE3DD7DC5E5}.Debug|Any CPU.ActiveCfg = Debug|Any CPU
		{C5D860B4-2620-4E90-94AF-DCE3DD7DC5E5}.Debug|Any CPU.Build.0 = Debug|Any CPU
		{C5D860B4-2620-4E90-94AF-DCE3DD7DC5E5}.Release|Any CPU.ActiveCfg = Release|Any CPU
		{C5D860B4-2620-4E90-94AF-DCE3DD7DC5E5}.Release|Any CPU.Build.0 = Release|Any CPU
	EndGlobalSection
	GlobalSection(SolutionProperties) = preSolution
		HideSolutionNode = FALSE
	EndGlobalSection
EndGlobal
